
Microsoft Visual Studio Solution File, Format Version 12.00
# Visual Studio Version 17
VisualStudioVersion = 17.7.34221.43
MinimumVisualStudioVersion = 10.0.40219.1
Project("{2150E333-8FDC-42A3-9474-1A3956D46DE8}") = "Solution Items", "Solution Items", "{037F11A8-B2CA-4EAB-B153-623322BC65D1}"
	ProjectSection(SolutionItems) = preProject
		LICENSE = LICENSE
		README.md = README.md
		ToDo.md = ToDo.md
	EndProjectSection
EndProject
Project("{2150E333-8FDC-42A3-9474-1A3956D46DE8}") = "src", "src", "{5E986C0B-7675-459F-BE84-C2E2A18D1C28}"
EndProject
Project("{2150E333-8FDC-42A3-9474-1A3956D46DE8}") = "Components", "Components", "{A3CC2BA6-7E07-451B-B4CF-38532D342887}"
	ProjectSection(SolutionItems) = preProject
		src\Components\Directory.Build.props = src\Components\Directory.Build.props
	EndProjectSection
EndProject
Project("{9A19103F-16F7-4668-BE54-9A1E7A4F7556}") = "Core", "src\Components\Core\Core.csproj", "{1A0C7CA5-4ABA-4D88-B4C9-792A36D6121C}"
EndProject
Project("{2150E333-8FDC-42A3-9474-1A3956D46DE8}") = "tests", "tests", "{5452E7E4-114D-4CFC-80C3-5085711C90A0}"
EndProject
Project("{9A19103F-16F7-4668-BE54-9A1E7A4F7556}") = "CoreTests", "tests\CoreTests\CoreTests.csproj", "{B10C5C9A-471C-4B9B-AE22-E956A9BA8FA8}"
EndProject
Project("{9A19103F-16F7-4668-BE54-9A1E7A4F7556}") = "PhysicalStellarBuilder", "src\Components\PhysicalStellarBuilder\PhysicalStellarBuilder.csproj", "{679DA2BD-C213-4D90-B982-F8613E17FEDD}"
EndProject
Project("{2150E333-8FDC-42A3-9474-1A3956D46DE8}") = "Applications", "Applications", "{9DED44E2-DE6E-4805-980A-5234AE1B0042}"
EndProject
Project("{9A19103F-16F7-4668-BE54-9A1E7A4F7556}") = "PhysicalStellarMap", "src\Applications\PhysicalStellarMap\PhysicalStellarMap.csproj", "{701F1CCE-4764-44C0-8A61-76D571DCA859}"
EndProject
Project("{2150E333-8FDC-42A3-9474-1A3956D46DE8}") = "StellarSystems", "StellarSystems", "{47EFE9DC-7325-46EB-85E1-2295CC19D19B}"
EndProject
Project("{9A19103F-16F7-4668-BE54-9A1E7A4F7556}") = "Progression", "src\StellarSystems\Progression\Progression.csproj", "{A071D32B-96D8-4724-802E-344780E73CD7}"
EndProject
Project("{FAE04EC0-301F-11D3-BF4B-00C04F79EFBC}") = "ProgressionTests", "tests\ProgressionTests\ProgressionTests.csproj", "{D7A36E14-521F-4CE4-A52F-BBAB9AAB4FA9}"
EndProject
Global
	GlobalSection(SolutionConfigurationPlatforms) = preSolution
		Debug|Any CPU = Debug|Any CPU
		Release|Any CPU = Release|Any CPU
	EndGlobalSection
	GlobalSection(ProjectConfigurationPlatforms) = postSolution
		{1A0C7CA5-4ABA-4D88-B4C9-792A36D6121C}.Debug|Any CPU.ActiveCfg = Debug|Any CPU
		{1A0C7CA5-4ABA-4D88-B4C9-792A36D6121C}.Debug|Any CPU.Build.0 = Debug|Any CPU
		{1A0C7CA5-4ABA-4D88-B4C9-792A36D6121C}.Release|Any CPU.ActiveCfg = Release|Any CPU
		{1A0C7CA5-4ABA-4D88-B4C9-792A36D6121C}.Release|Any CPU.Build.0 = Release|Any CPU
		{B10C5C9A-471C-4B9B-AE22-E956A9BA8FA8}.Debug|Any CPU.ActiveCfg = Debug|Any CPU
		{B10C5C9A-471C-4B9B-AE22-E956A9BA8FA8}.Debug|Any CPU.Build.0 = Debug|Any CPU
		{B10C5C9A-471C-4B9B-AE22-E956A9BA8FA8}.Release|Any CPU.ActiveCfg = Release|Any CPU
		{B10C5C9A-471C-4B9B-AE22-E956A9BA8FA8}.Release|Any CPU.Build.0 = Release|Any CPU
		{679DA2BD-C213-4D90-B982-F8613E17FEDD}.Debug|Any CPU.ActiveCfg = Debug|Any CPU
		{679DA2BD-C213-4D90-B982-F8613E17FEDD}.Debug|Any CPU.Build.0 = Debug|Any CPU
		{679DA2BD-C213-4D90-B982-F8613E17FEDD}.Release|Any CPU.ActiveCfg = Release|Any CPU
		{679DA2BD-C213-4D90-B982-F8613E17FEDD}.Release|Any CPU.Build.0 = Release|Any CPU
		{701F1CCE-4764-44C0-8A61-76D571DCA859}.Debug|Any CPU.ActiveCfg = Debug|Any CPU
		{701F1CCE-4764-44C0-8A61-76D571DCA859}.Debug|Any CPU.Build.0 = Debug|Any CPU
		{701F1CCE-4764-44C0-8A61-76D571DCA859}.Release|Any CPU.ActiveCfg = Release|Any CPU
		{701F1CCE-4764-44C0-8A61-76D571DCA859}.Release|Any CPU.Build.0 = Release|Any CPU
		{A071D32B-96D8-4724-802E-344780E73CD7}.Debug|Any CPU.ActiveCfg = Debug|Any CPU
		{A071D32B-96D8-4724-802E-344780E73CD7}.Debug|Any CPU.Build.0 = Debug|Any CPU
		{A071D32B-96D8-4724-802E-344780E73CD7}.Release|Any CPU.ActiveCfg = Release|Any CPU
		{A071D32B-96D8-4724-802E-344780E73CD7}.Release|Any CPU.Build.0 = Release|Any CPU
		{D7A36E14-521F-4CE4-A52F-BBAB9AAB4FA9}.Debug|Any CPU.ActiveCfg = Debug|Any CPU
		{D7A36E14-521F-4CE4-A52F-BBAB9AAB4FA9}.Debug|Any CPU.Build.0 = Debug|Any CPU
		{D7A36E14-521F-4CE4-A52F-BBAB9AAB4FA9}.Release|Any CPU.ActiveCfg = Release|Any CPU
		{D7A36E14-521F-4CE4-A52F-BBAB9AAB4FA9}.Release|Any CPU.Build.0 = Release|Any CPU
	EndGlobalSection
	GlobalSection(SolutionProperties) = preSolution
		HideSolutionNode = FALSE
	EndGlobalSection
	GlobalSection(NestedProjects) = preSolution
		{A3CC2BA6-7E07-451B-B4CF-38532D342887} = {5E986C0B-7675-459F-BE84-C2E2A18D1C28}
		{1A0C7CA5-4ABA-4D88-B4C9-792A36D6121C} = {A3CC2BA6-7E07-451B-B4CF-38532D342887}
		{B10C5C9A-471C-4B9B-AE22-E956A9BA8FA8} = {5452E7E4-114D-4CFC-80C3-5085711C90A0}
		{679DA2BD-C213-4D90-B982-F8613E17FEDD} = {A3CC2BA6-7E07-451B-B4CF-38532D342887}
		{9DED44E2-DE6E-4805-980A-5234AE1B0042} = {5E986C0B-7675-459F-BE84-C2E2A18D1C28}
		{701F1CCE-4764-44C0-8A61-76D571DCA859} = {9DED44E2-DE6E-4805-980A-5234AE1B0042}
		{47EFE9DC-7325-46EB-85E1-2295CC19D19B} = {5E986C0B-7675-459F-BE84-C2E2A18D1C28}
		{A071D32B-96D8-4724-802E-344780E73CD7} = {47EFE9DC-7325-46EB-85E1-2295CC19D19B}
		{D7A36E14-521F-4CE4-A52F-BBAB9AAB4FA9} = {5452E7E4-114D-4CFC-80C3-5085711C90A0}
	EndGlobalSection
	GlobalSection(ExtensibilityGlobals) = postSolution
		SolutionGuid = {C13566A3-4A24-4CF3-A4AB-94B4CCF0205D}
	EndGlobalSection
EndGlobal
